{
  "version": 4,
  "terraform_version": "1.15.6",
  "serial": 3,
  "lineage": "563f2cc6-248f-8cc6-eb1e-73215b33aa80",
  "outputs": {},
  "resources": [
    {
      "mode": "data",
      "type": "docker_image",
      "name": "telemetry",
      "provider": "provider[\"registry.terraform.io/kreuzwerker/docker\"]",
      "instances": [
        {
          "schema_version": 0,
          "attributes": {
            "id": "sha256:b1b79b9c609730b6ae1be70fc672d78cf86f9f9b2b8f13c5a8802f79c0598ac1",
            "name": "omnigrid-telemetry:latest",
            "repo_digest": "omnigrid-telemetry@sha256:b1b79b9c609730b6ae1be70fc672d78cf86f9f9b2b8f13c5a8802f79c0598ac1"
          },
          "sensitive_attributes": [],
          "identity_schema_version": 0
        }
      ]
    },
    {
      "mode": "managed",
      "type": "docker_container",
      "name": "telemetry_api",
      "provider": "provider[\"registry.terraform.io/kreuzwerker/docker\"]",
      "instances": [
        {
          "schema_version": 2,
          "attributes": {
            "attach": false,
            "bridge": "",
            "capabilities": [],
            "cgroupns_mode": null,
            "command": [
              "python",
              "app.py"
            ],
            "container_logs": null,
            "container_read_refresh_timeout_milliseconds": 15000,
            "cpu_set": "",
            "cpu_shares": 0,
            "destroy_grace_seconds": null,
            "devices": [],
            "dns": null,
            "dns_opts": null,
            "dns_search": null,
            "domainname": "",
            "entrypoint": [],
            "env": [],
            "exit_code": null,
            "gpus": null,
            "group_add": null,
            "healthcheck": null,
            "host": [],
            "hostname": "75c42330df36",
            "id": "75c42330df366487d8594f0649141f7170aaefc7f8a3201179223fe96d6660ec",
            "image": "sha256:b1b79b9c609730b6ae1be70fc672d78cf86f9f9b2b8f13c5a8802f79c0598ac1",
            "init": false,
            "ipc_mode": "private",
            "labels": [],
            "log_driver": "json-file",
            "log_opts": null,
            "logs": false,
            "max_retry_count": 0,
            "memory": 0,
            "memory_swap": 0,
            "mounts": [],
            "must_run": true,
            "name": "omnigrid-telemetry-tf",
            "network_data": [
              {
                "gateway": "172.17.0.1",
                "global_ipv6_address": "",
                "global_ipv6_prefix_length": 0,
                "ip_address": "172.17.0.2",
                "ip_prefix_length": 16,
                "ipv6_gateway": "",
                "mac_address": "fa:8f:d3:c1:9f:da",
                "network_name": "bridge"
              }
            ],
            "network_mode": "bridge",
            "networks_advanced": [],
            "pid_mode": "",
            "ports": [
              {
                "external": 5001,
                "internal": 5000,
                "ip": "0.0.0.0",
                "protocol": "tcp"
              }
            ],
            "privileged": false,
            "publish_all_ports": false,
            "read_only": false,
            "remove_volumes": true,
            "restart": "no",
            "rm": false,
            "runtime": "runc",
            "security_opts": [],
            "shm_size": 64,
            "start": true,
            "stdin_open": false,
            "stop_signal": "",
            "stop_timeout": 1,
            "storage_opts": null,
            "sysctls": null,
            "tmpfs": null,
            "tty": false,
            "ulimit": [],
            "upload": [],
            "user": "",
            "userns_mode": "",
            "volumes": [],
            "wait": false,
            "wait_timeout": 60,
            "working_dir": "/app"
          },
          "sensitive_attributes": [],
          "identity_schema_version": 0,
          "private": "eyJzY2hlbWFfdmVyc2lvbiI6IjIifQ==",
          "dependencies": [
            "data.docker_image.telemetry"
          ]
        }
      ]
    }
  ],
  "check_results": null
}
